
Microsoft Visual Studio Solution File, Format Version 12.00
# Visual Studio Version 16
VisualStudioVersion = 16.0.29123.88
MinimumVisualStudioVersion = 10.0.40219.1
Project("{FAE04EC0-301F-11D3-BF4B-00C04F79EFBC}") = "PIN_Verifyer", "PIN_Verifyer\PIN_Verifyer.csproj", "{B8412B28-A9A7-4244-B519-DFB4C454592B}"
EndProject
Global
	GlobalSection(SolutionConfigurationPlatforms) = preSolution
		Debug|Any CPU = Debug|Any CPU
		Release|Any CPU = Release|Any CPU
	EndGlobalSection
	GlobalSection(ProjectConfigurationPlatforms) = postSolution
		{B8412B28-A9A7-4244-B519-DFB4C454592B}.Debug|Any CPU.ActiveCfg = Debug|Any CPU
		{B8412B28-A9A7-4244-B519-DFB4C454592B}.Debug|Any CPU.Build.0 = Debug|Any CPU
		{B8412B28-A9A7-4244-B519-DFB4C454592B}.Release|Any CPU.ActiveCfg = Release|Any CPU
		{B8412B28-A9A7-4244-B519-DFB4C454592B}.Release|Any CPU.Build.0 = Release|Any CPU
	EndGlobalSection
	GlobalSection(SolutionProperties) = preSolution
		HideSolutionNode = FALSE
	EndGlobalSection
	GlobalSection(ExtensibilityGlobals) = postSolution
		SolutionGuid = {65F4AFDC-D3DF-4FAF-BA22-8764DBD6FA10}
	EndGlobalSection
EndGlobal
